
Microsoft Visual Studio Solution File, Format Version 12.00
Project("{2150E333-8FDC-42A3-9474-1A3956D46DE8}") = "src", "src", "{601E89AC-C86A-42B7-A592-0434E81E92C0}"
EndProject
Project("{2150E333-8FDC-42A3-9474-1A3956D46DE8}") = "tests", "tests", "{3BD555CC-4B9A-4D64-A168-1299874D222F}"
EndProject
Project("{FAE04EC0-301F-11D3-BF4B-00C04F79EFBC}") = "CrudEmployee.Api", "src\CrudEmployee.Api\CrudEmployee.Api.csproj", "{1168A645-EA4F-4C1B-A919-D014CA98869D}"
EndProject
Project("{FAE04EC0-301F-11D3-BF4B-00C04F79EFBC}") = "CrudEmployee.Infrastructure", "src\CrudEmployee.Infrastructure\CrudEmployee.Infrastructure.csproj", "{956E0A5F-C8CD-4F9F-9FF7-32154E4B95AE}"
EndProject
Project("{FAE04EC0-301F-11D3-BF4B-00C04F79EFBC}") = "CrudEmployee.Domain", "src\CrudEmployee.Domain\CrudEmployee.Domain.csproj", "{A239D98E-7774-40A9-89D8-1C48571E2945}"
EndProject
Global
	GlobalSection(SolutionConfigurationPlatforms) = preSolution
		Debug|Any CPU = Debug|Any CPU
		Release|Any CPU = Release|Any CPU
	EndGlobalSection
	GlobalSection(NestedProjects) = preSolution
		{1168A645-EA4F-4C1B-A919-D014CA98869D} = {601E89AC-C86A-42B7-A592-0434E81E92C0}
		{956E0A5F-C8CD-4F9F-9FF7-32154E4B95AE} = {601E89AC-C86A-42B7-A592-0434E81E92C0}
		{A239D98E-7774-40A9-89D8-1C48571E2945} = {601E89AC-C86A-42B7-A592-0434E81E92C0}
	EndGlobalSection
	GlobalSection(ProjectConfigurationPlatforms) = postSolution
		{1168A645-EA4F-4C1B-A919-D014CA98869D}.Debug|Any CPU.ActiveCfg = Debug|Any CPU
		{1168A645-EA4F-4C1B-A919-D014CA98869D}.Debug|Any CPU.Build.0 = Debug|Any CPU
		{1168A645-EA4F-4C1B-A919-D014CA98869D}.Release|Any CPU.ActiveCfg = Release|Any CPU
		{1168A645-EA4F-4C1B-A919-D014CA98869D}.Release|Any CPU.Build.0 = Release|Any CPU
		{956E0A5F-C8CD-4F9F-9FF7-32154E4B95AE}.Debug|Any CPU.ActiveCfg = Debug|Any CPU
		{956E0A5F-C8CD-4F9F-9FF7-32154E4B95AE}.Debug|Any CPU.Build.0 = Debug|Any CPU
		{956E0A5F-C8CD-4F9F-9FF7-32154E4B95AE}.Release|Any CPU.ActiveCfg = Release|Any CPU
		{956E0A5F-C8CD-4F9F-9FF7-32154E4B95AE}.Release|Any CPU.Build.0 = Release|Any CPU
		{A239D98E-7774-40A9-89D8-1C48571E2945}.Debug|Any CPU.ActiveCfg = Debug|Any CPU
		{A239D98E-7774-40A9-89D8-1C48571E2945}.Debug|Any CPU.Build.0 = Debug|Any CPU
		{A239D98E-7774-40A9-89D8-1C48571E2945}.Release|Any CPU.ActiveCfg = Release|Any CPU
		{A239D98E-7774-40A9-89D8-1C48571E2945}.Release|Any CPU.Build.0 = Release|Any CPU
	EndGlobalSection
EndGlobal
